# THIS IS AN AUTOGENERATED FILE. DO NOT EDIT THIS FILE DIRECTLY.
# yarn lockfile v1


vscode-jsonrpc@^4.0.0:
  version "4.0.0"
  resolved "http://registry.npm.taobao.org/vscode-jsonrpc/download/vscode-jsonrpc-4.0.0.tgz#a7bf74ef3254d0a0c272fab15c82128e378b3be9"
  integrity sha1-p7907zJU0KDCcvqxXIISjjeLO+k=

vscode-languageserver-protocol@^3.10.3:
  version "3.14.1"
  resolved "http://registry.npm.taobao.org/vscode-languageserver-protocol/download/vscode-languageserver-protocol-3.14.1.tgz#b8aab6afae2849c84a8983d39a1cf742417afe2f"
  integrity sha1-uKq2r64oSchKiYPTmhz3QkF6/i8=
  dependencies:
    vscode-jsonrpc "^4.0.0"
    vscode-languageserver-types "3.14.0"

vscode-languageserver-types@3.14.0:
  version "3.14.0"
  resolved "http://registry.npm.taobao.org/vscode-languageserver-types/download/vscode-languageserver-types-3.14.0.tgz#d3b5952246d30e5241592b6dde8280e03942e743"
  integrity sha1-07WVIkbTDlJBWStt3oKA4DlC50M=

vscode-languageserver@^4.1.3:
  version "4.4.2"
  resolved "http://registry.npm.taobao.org/vscode-languageserver/download/vscode-languageserver-4.4.2.tgz#600ae9cc7a6ff1e84d93c7807840c2cb5b22821b"
  integrity sha1-YArpzHpv8ehNk8eAeEDCy1sighs=
  dependencies:
    vscode-languageserver-protocol "^3.10.3"
    vscode-uri "^1.0.5"

vscode-uri@^1.0.5, vscode-uri@^1.0.6:
  version "1.0.6"
  resolved "http://registry.npm.taobao.org/vscode-uri/download/vscode-uri-1.0.6.tgz#6b8f141b0bbc44ad7b07e94f82f168ac7608ad4d"
  integrity sha1-a48UGwu8RK17B+lPgvForHYIrU0=
